<?xml version="1.0" encoding="utf-8"?>
<Project ToolsVersion="4.0" xmlns="http://schemas.microsoft.com/developer/msbuild/2003">
  <ItemGroup>
    <Filter Include="Source Files">
      <UniqueIdentifier>{4FC737F1-C7A5-4376-A066-2A32D752A2FF}</UniqueIdentifier>
      <Extensions>cpp;c;cc;cxx;c++;def;odl;idl;hpj;bat;asm;asmx</Extensions>
    </Filter>
    <Filter Include="Header Files">
      <UniqueIdentifier>{93995380-89BD-4b04-88EB-625FBE52EBFB}</UniqueIdentifier>
      <Extensions>h;hh;hpp;hxx;h++;hm;inl;inc;ipp;xsd</Extensions>
    </Filter>
    <Filter Include="Resource Files">
      <UniqueIdentifier>{67DA6AB6-F800-4c08-8B7A-83BB121AAD01}</UniqueIdentifier>
      <Extensions>rc;ico;cur;bmp;dlg;rc2;rct;bin;rgs;gif;jpg;jpeg;jpe;resx;tiff;tif;png;wav;mfcribbon-ms</Extensions>
    </Filter>
    <Filter Include="Header Files\Validator">
      <UniqueIdentifier>{a819bf8a-3d1a-41f6-b427-f677c0e6983e}</UniqueIdentifier>
    </Filter>
    <Filter Include="Header Files\AppConfiguration">
      <UniqueIdentifier>{861fdd90-95bc-44df-90d6-3f781e38369d}</UniqueIdentifier>
    </Filter>
    <Filter Include="AppSettings">
      <UniqueIdentifier>{1af52bc4-35d4-4d17-9f76-b359e9caf912}</UniqueIdentifier>
    </Filter>
    <Filter Include="AppLog">
      <UniqueIdentifier>{8cd1e42f-dd7e-487c-af37-0eb40223c8cd}</UniqueIdentifier>
    </Filter>
    <Filter Include="learnings">
      <UniqueIdentifier>{db5180ee-d4be-41e0-bef2-ecb07f806515}</UniqueIdentifier>
    </Filter>
  </ItemGroup>
  <ItemGroup>
    <ClInclude Include="framework.h">
      <Filter>Header Files</Filter>
    </ClInclude>
    <ClInclude Include="targetver.h">
      <Filter>Header Files</Filter>
    </ClInclude>
    <ClInclude Include="Resource.h">
      <Filter>Header Files</Filter>
    </ClInclude>
    <ClInclude Include="WindowsProject1.h">
      <Filter>Header Files</Filter>
    </ClInclude>
    <ClInclude Include="mySample.h">
      <Filter>Header Files</Filter>
    </ClInclude>
    <ClInclude Include="windowStuff.h">
      <Filter>Header Files</Filter>
    </ClInclude>
    <ClInclude Include="File.h">
      <Filter>Header Files</Filter>
    </ClInclude>
    <ClInclude Include="settingsWindow.h">
      <Filter>Header Files</Filter>
    </ClInclude>
    <ClInclude Include="debug.h">
      <Filter>Header Files</Filter>
    </ClInclude>
    <ClInclude Include="search.h">
      <Filter>Header Files</Filter>
    </ClInclude>
    <ClInclude Include="Validator.h">
      <Filter>Header Files\Validator</Filter>
    </ClInclude>
    <ClInclude Include="AppConfigure.h">
      <Filter>Header Files\AppConfiguration</Filter>
    </ClInclude>
    <ClInclude Include="AppSettings.h">
      <Filter>AppSettings</Filter>
    </ClInclude>
    <ClInclude Include="WindowControls.h">
      <Filter>AppSettings</Filter>
    </ClInclude>
    <ClInclude Include="AppSettingsProc.h">
      <Filter>AppSettings</Filter>
    </ClInclude>
    <ClInclude Include="AppLog.h">
      <Filter>AppLog</Filter>
    </ClInclude>
    <ClInclude Include="windowManager.h">
      <Filter>Header Files</Filter>
    </ClInclude>
    <ClInclude Include="demoClass.h">
      <Filter>learnings</Filter>
    </ClInclude>
  </ItemGroup>
  <ItemGroup>
    <ClCompile Include="DesktopApp.cpp">
      <Filter>Source Files</Filter>
    </ClCompile>
    <ClCompile Include="AppSettings.cpp">
      <Filter>Source Files</Filter>
    </ClCompile>
    <ClCompile Include="search.cpp">
      <Filter>Source Files</Filter>
    </ClCompile>
    <ClCompile Include="Validator.cpp">
      <Filter>Source Files</Filter>
    </ClCompile>
    <ClCompile Include="AppConfigure.cpp">
      <Filter>Source Files</Filter>
    </ClCompile>
    <ClCompile Include="WindowControls.cpp">
      <Filter>Source Files</Filter>
    </ClCompile>
    <ClCompile Include="AppSettingsProc.cpp">
      <Filter>Source Files</Filter>
    </ClCompile>
    <ClCompile Include="windowManager.cpp">
      <Filter>Source Files</Filter>
    </ClCompile>
    <ClCompile Include="demoClass.cpp">
      <Filter>Source Files</Filter>
    </ClCompile>
  </ItemGroup>
  <ItemGroup>
    <ResourceCompile Include="WindowsProject1.rc">
      <Filter>Resource Files</Filter>
    </ResourceCompile>
  </ItemGroup>
  <ItemGroup>
    <Image Include="WindowsProject1.ico">
      <Filter>Resource Files</Filter>
    </Image>
    <Image Include="icon1.ico">
      <Filter>Resource Files</Filter>
    </Image>
    <Image Include="..\..\editor-png-open-2000.png">
      <Filter>Resource Files</Filter>
    </Image>
    <Image Include="icon2.ico">
      <Filter>Resource Files</Filter>
    </Image>
    <Image Include="icon3.ico">
      <Filter>Resource Files</Filter>
    </Image>
    <Image Include="small.ico">
      <Filter>Resource Files</Filter>
    </Image>
    <Image Include="icon5.ico">
      <Filter>Resource Files</Filter>
    </Image>
    <Image Include="icon6.ico">
      <Filter>Resource Files</Filter>
    </Image>
  </ItemGroup>
  <ItemGroup>
    <Manifest Include="WindowsProject1.exe.manifest" />
  </ItemGroup>
</Project>